<?xml version="1.0" encoding="utf-8"?>
<Project ToolsVersion="4.0" xmlns="http://schemas.microsoft.com/developer/msbuild/2003">
  <ItemGroup>
    <Filter Include="core">
      <UniqueIdentifier>{4E40957C-3A77-960D-E363-7C10CF79120F}</UniqueIdentifier>
    </Filter>
    <Filter Include="core\app">
      <UniqueIdentifier>{9E28D44A-8AF5-2E56-B30E-1DFE9F3A64E4}</UniqueIdentifier>
    </Filter>
    <Filter Include="core\audio">
      <UniqueIdentifier>{EF608350-DB18-C59D-4420-9EF930F75F8E}</UniqueIdentifier>
    </Filter>
    <Filter Include="core\ecs">
      <UniqueIdentifier>{F837D44A-E404-2F56-0D1E-1DFEF94964E4}</UniqueIdentifier>
    </Filter>
    <Filter Include="core\ecs\component">
      <UniqueIdentifier>{7A86140F-666A-D564-CFCA-CFB7BBCDBFE6}</UniqueIdentifier>
    </Filter>
    <Filter Include="core\ecs\entity">
      <UniqueIdentifier>{64B1686E-D03C-D632-D94D-592745583233}</UniqueIdentifier>
    </Filter>
    <Filter Include="core\ecs\geometry">
      <UniqueIdentifier>{7378A8C3-DF8E-A659-2806-327B945B77E1}</UniqueIdentifier>
    </Filter>
    <Filter Include="core\ecs\system">
      <UniqueIdentifier>{2C98D78F-9823-4554-A134-C8480D3FA154}</UniqueIdentifier>
    </Filter>
    <Filter Include="core\events">
      <UniqueIdentifier>{92DC566A-FE91-CF5F-8786-C936F33AC663}</UniqueIdentifier>
    </Filter>
    <Filter Include="core\lighting">
      <UniqueIdentifier>{B3A7D5EC-1F68-5123-E8A2-9AA0542296FF}</UniqueIdentifier>
    </Filter>
    <Filter Include="core\logging">
      <UniqueIdentifier>{0427D6BF-F089-6564-990F-9E1A855131E7}</UniqueIdentifier>
    </Filter>
    <Filter Include="core\net">
      <UniqueIdentifier>{845ED44A-702B-2F56-9944-1DFE857064E4}</UniqueIdentifier>
    </Filter>
    <Filter Include="core\physics">
      <UniqueIdentifier>{E049B7E4-CCAC-4689-7532-7F3F6174120C}</UniqueIdentifier>
    </Filter>
    <Filter Include="core\renderer">
      <UniqueIdentifier>{D4577B52-4018-F788-0953-400675D23B65}</UniqueIdentifier>
    </Filter>
    <Filter Include="core\scene">
      <UniqueIdentifier>{0B40BF51-F7F7-009F-60FF-D9FA4CD69B8F}</UniqueIdentifier>
    </Filter>
    <Filter Include="core\tests">
      <UniqueIdentifier>{B0ADD251-9C65-149F-056D-EDFAF143AF8F}</UniqueIdentifier>
    </Filter>
    <Filter Include="core\ui">
      <UniqueIdentifier>{FBDCB8D3-67BC-376F-70D4-C245DC329ED0}</UniqueIdentifier>
    </Filter>
    <Filter Include="core\user">
      <UniqueIdentifier>{BC3F64A5-28AA-181C-71E8-C9C1DD91F670}</UniqueIdentifier>
    </Filter>
    <Filter Include="core\util">
      <UniqueIdentifier>{7B4464A5-E7AE-181C-30ED-C9C19C96F670}</UniqueIdentifier>
    </Filter>
    <Filter Include="core\window">
      <UniqueIdentifier>{953D6D93-01F3-E588-8AE7-DF5FF69BDC8C}</UniqueIdentifier>
    </Filter>
    <Filter Include="include">
      <UniqueIdentifier>{89AF369E-F58E-B539-FEA6-40106A051C9B}</UniqueIdentifier>
    </Filter>
    <Filter Include="include\IMGUI">
      <UniqueIdentifier>{13571FA3-7F17-9BD9-4852-E456B4D1DFB5}</UniqueIdentifier>
    </Filter>
  </ItemGroup>
  <ItemGroup>
    <ClInclude Include="Spark\core\app\app.hpp">
      <Filter>core\app</Filter>
    </ClInclude>
    <ClInclude Include="Spark\core\app\app_interface.hpp">
      <Filter>core\app</Filter>
    </ClInclude>
    <ClInclude Include="Spark\core\audio\audio.hpp">
      <Filter>core\audio</Filter>
    </ClInclude>
    <ClInclude Include="Spark\core\audio\sound.hpp">
      <Filter>core\audio</Filter>
    </ClInclude>
    <ClInclude Include="Spark\core\ecs\component\component.hpp">
      <Filter>core\ecs\component</Filter>
    </ClInclude>
    <ClInclude Include="Spark\core\ecs\component\component_types.hpp">
      <Filter>core\ecs\component</Filter>
    </ClInclude>
    <ClInclude Include="Spark\core\ecs\component\shader.hpp">
      <Filter>core\ecs\component</Filter>
    </ClInclude>
    <ClInclude Include="Spark\core\ecs\ecs.hpp">
      <Filter>core\ecs</Filter>
    </ClInclude>
    <ClInclude Include="Spark\core\ecs\entity\entity.hpp">
      <Filter>core\ecs\entity</Filter>
    </ClInclude>
    <ClInclude Include="Spark\core\ecs\entity\entity_type.hpp">
      <Filter>core\ecs\entity</Filter>
    </ClInclude>
    <ClInclude Include="Spark\core\ecs\geometry\basic.hpp">
      <Filter>core\ecs\geometry</Filter>
    </ClInclude>
    <ClInclude Include="Spark\core\ecs\observer.hpp">
      <Filter>core\ecs</Filter>
    </ClInclude>
    <ClInclude Include="Spark\core\ecs\system\system.hpp">
      <Filter>core\ecs\system</Filter>
    </ClInclude>
    <ClInclude Include="Spark\core\engine.hpp">
      <Filter>core</Filter>
    </ClInclude>
    <ClInclude Include="Spark\core\events\event.hpp">
      <Filter>core\events</Filter>
    </ClInclude>
    <ClInclude Include="Spark\core\events\sub.hpp">
      <Filter>core\events</Filter>
    </ClInclude>
    <ClInclude Include="Spark\core\lighting\light.hpp">
      <Filter>core\lighting</Filter>
    </ClInclude>
    <ClInclude Include="Spark\core\logging\log.hpp">
      <Filter>core\logging</Filter>
    </ClInclude>
    <ClInclude Include="Spark\core\net\chat_message.hpp">
      <Filter>core\net</Filter>
    </ClInclude>
    <ClInclude Include="Spark\core\net\net_common.hpp">
      <Filter>core\net</Filter>
    </ClInclude>
    <ClInclude Include="Spark\core\net\serializeable.hpp">
      <Filter>core\net</Filter>
    </ClInclude>
    <ClInclude Include="Spark\core\net\tcp.hpp">
      <Filter>core\net</Filter>
    </ClInclude>
    <ClInclude Include="Spark\core\net\udp.hpp">
      <Filter>core\net</Filter>
    </ClInclude>
    <ClInclude Include="Spark\core\physics\aabb.hpp">
      <Filter>core\physics</Filter>
    </ClInclude>
    <ClInclude Include="Spark\core\physics\gravity.hpp">
      <Filter>core\physics</Filter>
    </ClInclude>
    <ClInclude Include="Spark\core\renderer\frustum.hpp">
      <Filter>core\renderer</Filter>
    </ClInclude>
    <ClInclude Include="Spark\core\renderer\instancer.hpp">
      <Filter>core\renderer</Filter>
    </ClInclude>
    <ClInclude Include="Spark\core\renderer\layer.hpp">
      <Filter>core\renderer</Filter>
    </ClInclude>
    <ClInclude Include="Spark\core\renderer\layer_stack.hpp">
      <Filter>core\renderer</Filter>
    </ClInclude>
    <ClInclude Include="Spark\core\renderer\octree.hpp">
      <Filter>core\renderer</Filter>
    </ClInclude>
    <ClInclude Include="Spark\core\renderer\renderer.hpp">
      <Filter>core\renderer</Filter>
    </ClInclude>
    <ClInclude Include="Spark\core\scene\scene.hpp">
      <Filter>core\scene</Filter>
    </ClInclude>
    <ClInclude Include="Spark\core\scene\scene_manager.hpp">
      <Filter>core\scene</Filter>
    </ClInclude>
    <ClInclude Include="Spark\core\spark.hpp">
      <Filter>core</Filter>
    </ClInclude>
    <ClInclude Include="Spark\core\spark_main.hpp">
      <Filter>core</Filter>
    </ClInclude>
    <ClInclude Include="Spark\core\std_include.hpp">
      <Filter>core</Filter>
    </ClInclude>
    <ClInclude Include="Spark\core\tests\test.hpp">
      <Filter>core\tests</Filter>
    </ClInclude>
    <ClInclude Include="Spark\core\types.hpp">
      <Filter>core</Filter>
    </ClInclude>
    <ClInclude Include="Spark\core\ui\ui.hpp">
      <Filter>core\ui</Filter>
    </ClInclude>
    <ClInclude Include="Spark\core\user\camera.hpp">
      <Filter>core\user</Filter>
    </ClInclude>
    <ClInclude Include="Spark\core\user\control.hpp">
      <Filter>core\user</Filter>
    </ClInclude>
    <ClInclude Include="Spark\core\util\file.hpp">
      <Filter>core\util</Filter>
    </ClInclude>
    <ClInclude Include="Spark\core\util\macros.hpp">
      <Filter>core\util</Filter>
    </ClInclude>
    <ClInclude Include="Spark\core\util\memory.hpp">
      <Filter>core\util</Filter>
    </ClInclude>
    <ClInclude Include="Spark\core\util\thread_pool.hpp">
      <Filter>core\util</Filter>
    </ClInclude>
    <ClInclude Include="Spark\core\util\wrap.hpp">
      <Filter>core\util</Filter>
    </ClInclude>
    <ClInclude Include="Spark\core\window\directx_window.hpp">
      <Filter>core\window</Filter>
    </ClInclude>
    <ClInclude Include="Spark\core\window\metal_window.hpp">
      <Filter>core\window</Filter>
    </ClInclude>
    <ClInclude Include="Spark\core\window\opengl_window.hpp">
      <Filter>core\window</Filter>
    </ClInclude>
    <ClInclude Include="Spark\core\window\vulkan_window.hpp">
      <Filter>core\window</Filter>
    </ClInclude>
    <ClInclude Include="Spark\core\window\window.hpp">
      <Filter>core\window</Filter>
    </ClInclude>
    <ClInclude Include="Spark\core\window\window_manager.hpp">
      <Filter>core\window</Filter>
    </ClInclude>
    <ClInclude Include="Spark\include\IMGUI\imconfig.h">
      <Filter>include\IMGUI</Filter>
    </ClInclude>
    <ClInclude Include="Spark\include\IMGUI\imgui.h">
      <Filter>include\IMGUI</Filter>
    </ClInclude>
    <ClInclude Include="Spark\include\IMGUI\imgui_impl_glfw.h">
      <Filter>include\IMGUI</Filter>
    </ClInclude>
    <ClInclude Include="Spark\include\IMGUI\imgui_impl_opengl3.h">
      <Filter>include\IMGUI</Filter>
    </ClInclude>
    <ClInclude Include="Spark\include\IMGUI\imgui_impl_opengl3_loader.h">
      <Filter>include\IMGUI</Filter>
    </ClInclude>
    <ClInclude Include="Spark\include\IMGUI\imgui_internal.h">
      <Filter>include\IMGUI</Filter>
    </ClInclude>
    <ClInclude Include="Spark\include\IMGUI\imstb_rectpack.h">
      <Filter>include\IMGUI</Filter>
    </ClInclude>
    <ClInclude Include="Spark\include\IMGUI\imstb_textedit.h">
      <Filter>include\IMGUI</Filter>
    </ClInclude>
    <ClInclude Include="Spark\include\IMGUI\imstb_truetype.h">
      <Filter>include\IMGUI</Filter>
    </ClInclude>
  </ItemGroup>
  <ItemGroup>
    <ClCompile Include="Spark\core\app\app.cpp">
      <Filter>core\app</Filter>
    </ClCompile>
    <ClCompile Include="Spark\core\app\app_interface.cpp">
      <Filter>core\app</Filter>
    </ClCompile>
    <ClCompile Include="Spark\core\audio\audio.cpp">
      <Filter>core\audio</Filter>
    </ClCompile>
    <ClCompile Include="Spark\core\ecs\component\component_types.cpp">
      <Filter>core\ecs\component</Filter>
    </ClCompile>
    <ClCompile Include="Spark\core\ecs\component\shader.cpp">
      <Filter>core\ecs\component</Filter>
    </ClCompile>
    <ClCompile Include="Spark\core\ecs\observer.cpp">
      <Filter>core\ecs</Filter>
    </ClCompile>
    <ClCompile Include="Spark\core\events\sub.cpp">
      <Filter>core\events</Filter>
    </ClCompile>
    <ClCompile Include="Spark\core\logging\log.cpp">
      <Filter>core\logging</Filter>
    </ClCompile>
    <ClCompile Include="Spark\core\net\serializeable.cpp">
      <Filter>core\net</Filter>
    </ClCompile>
    <ClCompile Include="Spark\core\physics\aabb.cpp">
      <Filter>core\physics</Filter>
    </ClCompile>
    <ClCompile Include="Spark\core\renderer\frustum.cpp">
      <Filter>core\renderer</Filter>
    </ClCompile>
    <ClCompile Include="Spark\core\renderer\instancer.cpp">
      <Filter>core\renderer</Filter>
    </ClCompile>
    <ClCompile Include="Spark\core\renderer\octree.cpp">
      <Filter>core\renderer</Filter>
    </ClCompile>
    <ClCompile Include="Spark\core\renderer\renderer.cpp">
      <Filter>core\renderer</Filter>
    </ClCompile>
    <ClCompile Include="Spark\core\spark_main.cpp">
      <Filter>core</Filter>
    </ClCompile>
    <ClCompile Include="Spark\core\tests\test.cpp">
      <Filter>core\tests</Filter>
    </ClCompile>
    <ClCompile Include="Spark\core\ui\ui.cpp">
      <Filter>core\ui</Filter>
    </ClCompile>
    <ClCompile Include="Spark\core\user\control.cpp">
      <Filter>core\user</Filter>
    </ClCompile>
    <ClCompile Include="Spark\core\util\file.cpp">
      <Filter>core\util</Filter>
    </ClCompile>
    <ClCompile Include="Spark\core\util\wrap.cpp">
      <Filter>core\util</Filter>
    </ClCompile>
    <ClCompile Include="Spark\core\window\opengl_window.cpp">
      <Filter>core\window</Filter>
    </ClCompile>
    <ClCompile Include="Spark\core\window\vulkan_window.cpp">
      <Filter>core\window</Filter>
    </ClCompile>
    <ClCompile Include="Spark\include\IMGUI\imgui.cpp">
      <Filter>include\IMGUI</Filter>
    </ClCompile>
    <ClCompile Include="Spark\include\IMGUI\imgui_demo.cpp">
      <Filter>include\IMGUI</Filter>
    </ClCompile>
    <ClCompile Include="Spark\include\IMGUI\imgui_draw.cpp">
      <Filter>include\IMGUI</Filter>
    </ClCompile>
    <ClCompile Include="Spark\include\IMGUI\imgui_impl_glfw.cpp">
      <Filter>include\IMGUI</Filter>
    </ClCompile>
    <ClCompile Include="Spark\include\IMGUI\imgui_impl_opengl3.cpp">
      <Filter>include\IMGUI</Filter>
    </ClCompile>
    <ClCompile Include="Spark\include\IMGUI\imgui_tables.cpp">
      <Filter>include\IMGUI</Filter>
    </ClCompile>
    <ClCompile Include="Spark\include\IMGUI\imgui_widgets.cpp">
      <Filter>include\IMGUI</Filter>
    </ClCompile>
  </ItemGroup>
</Project>